
Microsoft Visual Studio Solution File, Format Version 12.00
# Visual Studio Version 17
VisualStudioVersion = 17.13.35806.99 d17.13
MinimumVisualStudioVersion = 10.0.40219.1
Project("{FAE04EC0-301F-11D3-BF4B-00C04F79EFBC}") = "Betting Event Maker", "Betting Event Maker.csproj", "{9BB7D48E-0CC3-4B52-B395-E3AE3E53B9FC}"
EndProject
Project("{FAE04EC0-301F-11D3-BF4B-00C04F79EFBC}") = "Event Subscription Test", "..\Event Subscription Test\Event Subscription Test.csproj", "{09CB4ADA-702C-4ED4-838A-31AD3F8D134E}"
EndProject
Global
	GlobalSection(SolutionConfigurationPlatforms) = preSolution
		Debug|Any CPU = Debug|Any CPU
		Release|Any CPU = Release|Any CPU
	EndGlobalSection
	GlobalSection(ProjectConfigurationPlatforms) = postSolution
		{9BB7D48E-0CC3-4B52-B395-E3AE3E53B9FC}.Debug|Any CPU.ActiveCfg = Debug|Any CPU
		{9BB7D48E-0CC3-4B52-B395-E3AE3E53B9FC}.Debug|Any CPU.Build.0 = Debug|Any CPU
		{9BB7D48E-0CC3-4B52-B395-E3AE3E53B9FC}.Release|Any CPU.ActiveCfg = Release|Any CPU
		{9BB7D48E-0CC3-4B52-B395-E3AE3E53B9FC}.Release|Any CPU.Build.0 = Release|Any CPU
		{09CB4ADA-702C-4ED4-838A-31AD3F8D134E}.Debug|Any CPU.ActiveCfg = Debug|Any CPU
		{09CB4ADA-702C-4ED4-838A-31AD3F8D134E}.Debug|Any CPU.Build.0 = Debug|Any CPU
		{09CB4ADA-702C-4ED4-838A-31AD3F8D134E}.Release|Any CPU.ActiveCfg = Release|Any CPU
		{09CB4ADA-702C-4ED4-838A-31AD3F8D134E}.Release|Any CPU.Build.0 = Release|Any CPU
	EndGlobalSection
	GlobalSection(SolutionProperties) = preSolution
		HideSolutionNode = FALSE
	EndGlobalSection
	GlobalSection(ExtensibilityGlobals) = postSolution
		SolutionGuid = {969B0B2B-5DFD-46F8-878F-EEA22EF3E3EC}
	EndGlobalSection
EndGlobal
